<?xml version="1.0" encoding="utf-8"?>
<Project ToolsVersion="4.0" xmlns="http://schemas.microsoft.com/developer/msbuild/2003">
  <ItemGroup>
    <ClCompile Include="application.cpp" />
    <ClCompile Include="bg.cpp" />
    <ClCompile Include="calculation.cpp" />
    <ClCompile Include="camera.cpp" />
    <ClCompile Include="collision.cpp" />
    <ClCompile Include="collision_rectangle3D.cpp" />
    <ClCompile Include="collision_sphere.cpp" />
    <ClCompile Include="debug_proc.cpp" />
    <ClCompile Include="enemy.cpp" />
    <ClCompile Include="fade.cpp" />
    <ClCompile Include="game.cpp" />
    <ClCompile Include="input.cpp" />
    <ClCompile Include="joypad.cpp" />
    <ClCompile Include="keyboard.cpp" />
    <ClCompile Include="light.cpp" />
    <ClCompile Include="line.cpp" />
    <ClCompile Include="main.cpp" />
    <ClCompile Include="manager.cpp" />
    <ClCompile Include="mesh.cpp" />
    <ClCompile Include="model3D.cpp" />
    <ClCompile Include="model_obj.cpp" />
    <ClCompile Include="motion.cpp" />
    <ClCompile Include="motion_model3D.cpp" />
    <ClCompile Include="mouse.cpp" />
    <ClCompile Include="move.cpp" />
    <ClCompile Include="number.cpp" />
    <ClCompile Include="object.cpp" />
    <ClCompile Include="object2D.cpp" />
    <ClCompile Include="object3D.cpp" />
    <ClCompile Include="orbit.cpp" />
    <ClCompile Include="parts.cpp" />
    <ClCompile Include="pause.cpp" />
    <ClCompile Include="player.cpp" />
    <ClCompile Include="ranking.cpp" />
    <ClCompile Include="renderer.cpp" />
    <ClCompile Include="result.cpp" />
    <ClCompile Include="scene_mode.cpp" />
    <ClCompile Include="score.cpp" />
    <ClCompile Include="sound.cpp" />
    <ClCompile Include="super.cpp" />
    <ClCompile Include="tcp_client.cpp" />
    <ClCompile Include="texture.cpp" />
    <ClCompile Include="tex_anim.cpp" />
    <ClCompile Include="time.cpp" />
    <ClCompile Include="title.cpp" />
    <ClCompile Include="tutorial.cpp" />
    <ClCompile Include="select_item.cpp" />
  </ItemGroup>
  <ItemGroup>
    <ClInclude Include="application.h" />
    <ClInclude Include="bg.h" />
    <ClInclude Include="calculation.h" />
    <ClInclude Include="camera.h" />
    <ClInclude Include="collision.h" />
    <ClInclude Include="collision_rectangle3D.h" />
    <ClInclude Include="collision_sphere.h" />
    <ClInclude Include="debug_proc.h" />
    <ClInclude Include="enemy.h" />
    <ClInclude Include="fade.h" />
    <ClInclude Include="game.h" />
    <ClInclude Include="input.h" />
    <ClInclude Include="joypad.h" />
    <ClInclude Include="keyboard.h" />
    <ClInclude Include="light.h" />
    <ClInclude Include="line.h" />
    <ClInclude Include="main.h" />
    <ClInclude Include="manager.h" />
    <ClInclude Include="mesh.h" />
    <ClInclude Include="model3D.h" />
    <ClInclude Include="model_obj.h" />
    <ClInclude Include="motion.h" />
    <ClInclude Include="motion_model3D.h" />
    <ClInclude Include="mouse.h" />
    <ClInclude Include="move.h" />
    <ClInclude Include="number.h" />
    <ClInclude Include="object.h" />
    <ClInclude Include="object2D.h" />
    <ClInclude Include="object3D.h" />
    <ClInclude Include="orbit.h" />
    <ClInclude Include="parts.h" />
    <ClInclude Include="pause.h" />
    <ClInclude Include="player.h" />
    <ClInclude Include="ranking.h" />
    <ClInclude Include="renderer.h" />
    <ClInclude Include="result.h" />
    <ClInclude Include="scene_mode.h" />
    <ClInclude Include="score.h" />
    <ClInclude Include="sound.h" />
    <ClInclude Include="super.h" />
    <ClInclude Include="tcp_client.h" />
    <ClInclude Include="texture.h" />
    <ClInclude Include="tex_anim.h" />
    <ClInclude Include="time.h" />
    <ClInclude Include="title.h" />
    <ClInclude Include="tutorial.h" />
    <ClInclude Include="select_item.h" />
  </ItemGroup>
</Project>